Microsoft Visual Studio Solution File, Format Version 12.00
# Visual Studio 2012
Project("{8BC9CEB8-8B4A-11D0-8D11-00A0C91BC942}") = "IndriBuildIndex", "buildindex\buildindex-VS2012.vcxproj", "{C43087CE-8F47-4ACC-9ECB-6A55CB517CB9}"
EndProject
Project("{8BC9CEB8-8B4A-11D0-8D11-00A0C91BC942}") = "IndriRunQuery", "runquery\runquery-VS2012.vcxproj", "{0F9FE849-7EAA-461E-9105-335E3045E8DA}"
	ProjectSection(ProjectDependencies) = postProject
		{96C92D82-4468-4E36-9CFC-C4EA0A792E99} = {96C92D82-4468-4E36-9CFC-C4EA0A792E99}
	EndProjectSection
EndProject
Project("{8BC9CEB8-8B4A-11D0-8D11-00A0C91BC942}") = "IndriDaemon", "indrid\indrid-VS2012.vcxproj", "{6B9EE4C1-7010-41C4-B599-CD17486927D1}"
	ProjectSection(ProjectDependencies) = postProject
		{96C92D82-4468-4E36-9CFC-C4EA0A792E99} = {96C92D82-4468-4E36-9CFC-C4EA0A792E99}
	EndProjectSection
EndProject
Project("{8BC9CEB8-8B4A-11D0-8D11-00A0C91BC942}") = "dumpindex", "dumpindex\dumpindex-VS2012.vcxproj", "{DEFFF621-F1DE-11D8-9669-0800200C9A66}"
	ProjectSection(ProjectDependencies) = postProject
		{96C92D82-4468-4E36-9CFC-C4EA0A792E99} = {96C92D82-4468-4E36-9CFC-C4EA0A792E99}
	EndProjectSection
EndProject
Project("{8BC9CEB8-8B4A-11D0-8D11-00A0C91BC942}") = "harvestlinks", "harvestlinks\harvestlinks-VS2012.vcxproj", "{C7A754B4-3D95-4B60-886B-A9EDEC18B974}"
	ProjectSection(ProjectDependencies) = postProject
		{96C92D82-4468-4E36-9CFC-C4EA0A792E99} = {96C92D82-4468-4E36-9CFC-C4EA0A792E99}
	EndProjectSection
EndProject
Project("{8BC9CEB8-8B4A-11D0-8D11-00A0C91BC942}") = "swig", "swig\swig-VS2012.vcxproj", "{3FAA4F19-2FDA-4541-9826-4B7820B7E2B5}"
	ProjectSection(ProjectDependencies) = postProject
		{96C92D82-4468-4E36-9CFC-C4EA0A792E99} = {96C92D82-4468-4E36-9CFC-C4EA0A792E99}
	EndProjectSection
EndProject
Project("{8BC9CEB8-8B4A-11D0-8D11-00A0C91BC942}") = "rmodel", "rmodel\rmodel-VS2012.vcxproj", "{453340D5-FE7A-4B01-A0C0-F32BDEFF4C16}"
	ProjectSection(ProjectDependencies) = postProject
		{96C92D82-4468-4E36-9CFC-C4EA0A792E99} = {96C92D82-4468-4E36-9CFC-C4EA0A792E99}
	EndProjectSection
EndProject
Project("{8BC9CEB8-8B4A-11D0-8D11-00A0C91BC942}") = "makeprior", "makeprior\makeprior-VS2012.vcxproj", "{5B73D0B9-3694-49BB-B9F4-EF0E237D026D}"
	ProjectSection(ProjectDependencies) = postProject
		{96C92D82-4468-4E36-9CFC-C4EA0A792E99} = {96C92D82-4468-4E36-9CFC-C4EA0A792E99}
	EndProjectSection
EndProject
Project("{8BC9CEB8-8B4A-11D0-8D11-00A0C91BC942}") = "dist", "dist\dist-VS2012.vcxproj", "{96C92D82-4468-4E36-9CFC-C4EA0A792E99}"
EndProject
Project("{8BC9CEB8-8B4A-11D0-8D11-00A0C91BC942}") = "indri_csharp", "swig\indri_csharp\indri_csharp-VS2012.vcxproj", "{E0E06BE0-90EF-4091-AC80-BB068B0EB29F}"
	ProjectSection(ProjectDependencies) = postProject
		{96C92D82-4468-4E36-9CFC-C4EA0A792E99} = {96C92D82-4468-4E36-9CFC-C4EA0A792E99}
	EndProjectSection
EndProject
Project("{FAE04EC0-301F-11D3-BF4B-00C04F79EFBC}") = "IndriCsharp-VS2012", "swig\src\csharp\IndriCsharp-VS2012.csproj", "{905C0D5A-89FE-40E9-92B7-E236D20D8F83}"
EndProject
Project("{8BC9CEB8-8B4A-11D0-8D11-00A0C91BC942}") = "pagerank", "pagerank\pagerank-VS2012.vcxproj", "{1079C20A-97DC-4A55-B616-1D36D437D7FB}"
	ProjectSection(ProjectDependencies) = postProject
		{96C92D82-4468-4E36-9CFC-C4EA0A792E99} = {96C92D82-4468-4E36-9CFC-C4EA0A792E99}
	EndProjectSection
EndProject
Project("{8BC9CEB8-8B4A-11D0-8D11-00A0C91BC942}") = "ModifyFields", "ModifyFields\ModifyFields-VS2012.vcxproj", "{4849642E-4588-4F85-81EA-C8CDB8C5C479}"
	ProjectSection(ProjectDependencies) = postProject
		{96C92D82-4468-4E36-9CFC-C4EA0A792E99} = {96C92D82-4468-4E36-9CFC-C4EA0A792E99}
	EndProjectSection
EndProject
Project("{8BC9CEB8-8B4A-11D0-8D11-00A0C91BC942}") = "clarity", "clarity\clarity-VS2012.vcxproj", "{4FE529D0-0122-4867-823F-FF7712BE8387}"
EndProject
Project("{8BC9CEB8-8B4A-11D0-8D11-00A0C91BC942}") = "LemurCGI", "site-search\cgi\LemurCGI-VS2012.vcxproj", "{5DE06DFC-FAE0-4091-B54E-01FC5BE2A88B}"
EndProject
Global
	GlobalSection(SolutionConfigurationPlatforms) = preSolution
		Debug|Any CPU = Debug|Any CPU
		Debug|Mixed Platforms = Debug|Mixed Platforms
		Debug|Win32 = Debug|Win32
		Debug|x64 = Debug|x64
		Release|Any CPU = Release|Any CPU
		Release|Mixed Platforms = Release|Mixed Platforms
		Release|Win32 = Release|Win32
		Release|x64 = Release|x64
	EndGlobalSection
	GlobalSection(ProjectConfigurationPlatforms) = postSolution
		{C43087CE-8F47-4ACC-9ECB-6A55CB517CB9}.Debug|Any CPU.ActiveCfg = Debug|Win32
		{C43087CE-8F47-4ACC-9ECB-6A55CB517CB9}.Debug|Mixed Platforms.ActiveCfg = Debug|Win32
		{C43087CE-8F47-4ACC-9ECB-6A55CB517CB9}.Debug|Mixed Platforms.Build.0 = Debug|Win32
		{C43087CE-8F47-4ACC-9ECB-6A55CB517CB9}.Debug|Win32.ActiveCfg = Debug|Win32
		{C43087CE-8F47-4ACC-9ECB-6A55CB517CB9}.Debug|Win32.Build.0 = Debug|Win32
		{C43087CE-8F47-4ACC-9ECB-6A55CB517CB9}.Debug|x64.ActiveCfg = Debug|x64
		{C43087CE-8F47-4ACC-9ECB-6A55CB517CB9}.Debug|x64.Build.0 = Debug|x64
		{C43087CE-8F47-4ACC-9ECB-6A55CB517CB9}.Release|Any CPU.ActiveCfg = Release|Win32
		{C43087CE-8F47-4ACC-9ECB-6A55CB517CB9}.Release|Mixed Platforms.ActiveCfg = Release|Win32
		{C43087CE-8F47-4ACC-9ECB-6A55CB517CB9}.Release|Mixed Platforms.Build.0 = Release|Win32
		{C43087CE-8F47-4ACC-9ECB-6A55CB517CB9}.Release|Win32.ActiveCfg = Release|Win32
		{C43087CE-8F47-4ACC-9ECB-6A55CB517CB9}.Release|Win32.Build.0 = Release|Win32
		{C43087CE-8F47-4ACC-9ECB-6A55CB517CB9}.Release|x64.ActiveCfg = Release|x64
		{C43087CE-8F47-4ACC-9ECB-6A55CB517CB9}.Release|x64.Build.0 = Release|x64
		{0F9FE849-7EAA-461E-9105-335E3045E8DA}.Debug|Any CPU.ActiveCfg = Debug|Win32
		{0F9FE849-7EAA-461E-9105-335E3045E8DA}.Debug|Mixed Platforms.ActiveCfg = Debug|Win32
		{0F9FE849-7EAA-461E-9105-335E3045E8DA}.Debug|Mixed Platforms.Build.0 = Debug|Win32
		{0F9FE849-7EAA-461E-9105-335E3045E8DA}.Debug|Win32.ActiveCfg = Debug|Win32
		{0F9FE849-7EAA-461E-9105-335E3045E8DA}.Debug|Win32.Build.0 = Debug|Win32
		{0F9FE849-7EAA-461E-9105-335E3045E8DA}.Debug|x64.ActiveCfg = Debug|x64
		{0F9FE849-7EAA-461E-9105-335E3045E8DA}.Debug|x64.Build.0 = Debug|x64
		{0F9FE849-7EAA-461E-9105-335E3045E8DA}.Release|Any CPU.ActiveCfg = Release|Win32
		{0F9FE849-7EAA-461E-9105-335E3045E8DA}.Release|Mixed Platforms.ActiveCfg = Release|Win32
		{0F9FE849-7EAA-461E-9105-335E3045E8DA}.Release|Mixed Platforms.Build.0 = Release|Win32
		{0F9FE849-7EAA-461E-9105-335E3045E8DA}.Release|Win32.ActiveCfg = Release|Win32
		{0F9FE849-7EAA-461E-9105-335E3045E8DA}.Release|Win32.Build.0 = Release|Win32
		{0F9FE849-7EAA-461E-9105-335E3045E8DA}.Release|x64.ActiveCfg = Release|x64
		{0F9FE849-7EAA-461E-9105-335E3045E8DA}.Release|x64.Build.0 = Release|x64
		{6B9EE4C1-7010-41C4-B599-CD17486927D1}.Debug|Any CPU.ActiveCfg = Debug|Win32
		{6B9EE4C1-7010-41C4-B599-CD17486927D1}.Debug|Mixed Platforms.ActiveCfg = Debug|Win32
		{6B9EE4C1-7010-41C4-B599-CD17486927D1}.Debug|Mixed Platforms.Build.0 = Debug|Win32
		{6B9EE4C1-7010-41C4-B599-CD17486927D1}.Debug|Win32.ActiveCfg = Debug|Win32
		{6B9EE4C1-7010-41C4-B599-CD17486927D1}.Debug|Win32.Build.0 = Debug|Win32
		{6B9EE4C1-7010-41C4-B599-CD17486927D1}.Debug|x64.ActiveCfg = Debug|x64
		{6B9EE4C1-7010-41C4-B599-CD17486927D1}.Debug|x64.Build.0 = Debug|x64
		{6B9EE4C1-7010-41C4-B599-CD17486927D1}.Release|Any CPU.ActiveCfg = Release|Win32
		{6B9EE4C1-7010-41C4-B599-CD17486927D1}.Release|Mixed Platforms.ActiveCfg = Release|Win32
		{6B9EE4C1-7010-41C4-B599-CD17486927D1}.Release|Mixed Platforms.Build.0 = Release|Win32
		{6B9EE4C1-7010-41C4-B599-CD17486927D1}.Release|Win32.ActiveCfg = Release|Win32
		{6B9EE4C1-7010-41C4-B599-CD17486927D1}.Release|Win32.Build.0 = Release|Win32
		{6B9EE4C1-7010-41C4-B599-CD17486927D1}.Release|x64.ActiveCfg = Release|x64
		{6B9EE4C1-7010-41C4-B599-CD17486927D1}.Release|x64.Build.0 = Release|x64
		{DEFFF621-F1DE-11D8-9669-0800200C9A66}.Debug|Any CPU.ActiveCfg = Debug|Win32
		{DEFFF621-F1DE-11D8-9669-0800200C9A66}.Debug|Mixed Platforms.ActiveCfg = Debug|Win32
		{DEFFF621-F1DE-11D8-9669-0800200C9A66}.Debug|Mixed Platforms.Build.0 = Debug|Win32
		{DEFFF621-F1DE-11D8-9669-0800200C9A66}.Debug|Win32.ActiveCfg = Debug|Win32
		{DEFFF621-F1DE-11D8-9669-0800200C9A66}.Debug|Win32.Build.0 = Debug|Win32
		{DEFFF621-F1DE-11D8-9669-0800200C9A66}.Debug|x64.ActiveCfg = Debug|x64
		{DEFFF621-F1DE-11D8-9669-0800200C9A66}.Debug|x64.Build.0 = Debug|x64
		{DEFFF621-F1DE-11D8-9669-0800200C9A66}.Release|Any CPU.ActiveCfg = Release|Win32
		{DEFFF621-F1DE-11D8-9669-0800200C9A66}.Release|Mixed Platforms.ActiveCfg = Release|Win32
		{DEFFF621-F1DE-11D8-9669-0800200C9A66}.Release|Mixed Platforms.Build.0 = Release|Win32
		{DEFFF621-F1DE-11D8-9669-0800200C9A66}.Release|Win32.ActiveCfg = Release|Win32
		{DEFFF621-F1DE-11D8-9669-0800200C9A66}.Release|Win32.Build.0 = Release|Win32
		{DEFFF621-F1DE-11D8-9669-0800200C9A66}.Release|x64.ActiveCfg = Release|x64
		{DEFFF621-F1DE-11D8-9669-0800200C9A66}.Release|x64.Build.0 = Release|x64
		{C7A754B4-3D95-4B60-886B-A9EDEC18B974}.Debug|Any CPU.ActiveCfg = Debug|Win32
		{C7A754B4-3D95-4B60-886B-A9EDEC18B974}.Debug|Mixed Platforms.ActiveCfg = Debug|Win32
		{C7A754B4-3D95-4B60-886B-A9EDEC18B974}.Debug|Mixed Platforms.Build.0 = Debug|Win32
		{C7A754B4-3D95-4B60-886B-A9EDEC18B974}.Debug|Win32.ActiveCfg = Debug|Win32
		{C7A754B4-3D95-4B60-886B-A9EDEC18B974}.Debug|Win32.Build.0 = Debug|Win32
		{C7A754B4-3D95-4B60-886B-A9EDEC18B974}.Debug|x64.ActiveCfg = Debug|x64
		{C7A754B4-3D95-4B60-886B-A9EDEC18B974}.Debug|x64.Build.0 = Debug|x64
		{C7A754B4-3D95-4B60-886B-A9EDEC18B974}.Release|Any CPU.ActiveCfg = Release|Win32
		{C7A754B4-3D95-4B60-886B-A9EDEC18B974}.Release|Mixed Platforms.ActiveCfg = Release|Win32
		{C7A754B4-3D95-4B60-886B-A9EDEC18B974}.Release|Mixed Platforms.Build.0 = Release|Win32
		{C7A754B4-3D95-4B60-886B-A9EDEC18B974}.Release|Win32.ActiveCfg = Release|Win32
		{C7A754B4-3D95-4B60-886B-A9EDEC18B974}.Release|Win32.Build.0 = Release|Win32
		{C7A754B4-3D95-4B60-886B-A9EDEC18B974}.Release|x64.ActiveCfg = Release|x64
		{C7A754B4-3D95-4B60-886B-A9EDEC18B974}.Release|x64.Build.0 = Release|x64
		{3FAA4F19-2FDA-4541-9826-4B7820B7E2B5}.Debug|Any CPU.ActiveCfg = Debug|Win32
		{3FAA4F19-2FDA-4541-9826-4B7820B7E2B5}.Debug|Mixed Platforms.ActiveCfg = Debug|Win32
		{3FAA4F19-2FDA-4541-9826-4B7820B7E2B5}.Debug|Mixed Platforms.Build.0 = Debug|Win32
		{3FAA4F19-2FDA-4541-9826-4B7820B7E2B5}.Debug|Win32.ActiveCfg = Debug|Win32
		{3FAA4F19-2FDA-4541-9826-4B7820B7E2B5}.Debug|Win32.Build.0 = Debug|Win32
		{3FAA4F19-2FDA-4541-9826-4B7820B7E2B5}.Debug|x64.ActiveCfg = Debug|x64
		{3FAA4F19-2FDA-4541-9826-4B7820B7E2B5}.Debug|x64.Build.0 = Debug|x64
		{3FAA4F19-2FDA-4541-9826-4B7820B7E2B5}.Release|Any CPU.ActiveCfg = Release|Win32
		{3FAA4F19-2FDA-4541-9826-4B7820B7E2B5}.Release|Mixed Platforms.ActiveCfg = Release|Win32
		{3FAA4F19-2FDA-4541-9826-4B7820B7E2B5}.Release|Mixed Platforms.Build.0 = Release|Win32
		{3FAA4F19-2FDA-4541-9826-4B7820B7E2B5}.Release|Win32.ActiveCfg = Release|Win32
		{3FAA4F19-2FDA-4541-9826-4B7820B7E2B5}.Release|Win32.Build.0 = Release|Win32
		{3FAA4F19-2FDA-4541-9826-4B7820B7E2B5}.Release|x64.ActiveCfg = Release|x64
		{3FAA4F19-2FDA-4541-9826-4B7820B7E2B5}.Release|x64.Build.0 = Release|x64
		{453340D5-FE7A-4B01-A0C0-F32BDEFF4C16}.Debug|Any CPU.ActiveCfg = Debug|Win32
		{453340D5-FE7A-4B01-A0C0-F32BDEFF4C16}.Debug|Mixed Platforms.ActiveCfg = Debug|Win32
		{453340D5-FE7A-4B01-A0C0-F32BDEFF4C16}.Debug|Mixed Platforms.Build.0 = Debug|Win32
		{453340D5-FE7A-4B01-A0C0-F32BDEFF4C16}.Debug|Win32.ActiveCfg = Debug|Win32
		{453340D5-FE7A-4B01-A0C0-F32BDEFF4C16}.Debug|Win32.Build.0 = Debug|Win32
		{453340D5-FE7A-4B01-A0C0-F32BDEFF4C16}.Debug|x64.ActiveCfg = Debug|x64
		{453340D5-FE7A-4B01-A0C0-F32BDEFF4C16}.Debug|x64.Build.0 = Debug|x64
		{453340D5-FE7A-4B01-A0C0-F32BDEFF4C16}.Release|Any CPU.ActiveCfg = Release|Win32
		{453340D5-FE7A-4B01-A0C0-F32BDEFF4C16}.Release|Mixed Platforms.ActiveCfg = Release|Win32
		{453340D5-FE7A-4B01-A0C0-F32BDEFF4C16}.Release|Mixed Platforms.Build.0 = Release|Win32
		{453340D5-FE7A-4B01-A0C0-F32BDEFF4C16}.Release|Win32.ActiveCfg = Release|Win32
		{453340D5-FE7A-4B01-A0C0-F32BDEFF4C16}.Release|Win32.Build.0 = Release|Win32
		{453340D5-FE7A-4B01-A0C0-F32BDEFF4C16}.Release|x64.ActiveCfg = Release|x64
		{453340D5-FE7A-4B01-A0C0-F32BDEFF4C16}.Release|x64.Build.0 = Release|x64
		{5B73D0B9-3694-49BB-B9F4-EF0E237D026D}.Debug|Any CPU.ActiveCfg = Debug|Win32
		{5B73D0B9-3694-49BB-B9F4-EF0E237D026D}.Debug|Mixed Platforms.ActiveCfg = Debug|Win32
		{5B73D0B9-3694-49BB-B9F4-EF0E237D026D}.Debug|Mixed Platforms.Build.0 = Debug|Win32
		{5B73D0B9-3694-49BB-B9F4-EF0E237D026D}.Debug|Win32.ActiveCfg = Debug|Win32
		{5B73D0B9-3694-49BB-B9F4-EF0E237D026D}.Debug|Win32.Build.0 = Debug|Win32
		{5B73D0B9-3694-49BB-B9F4-EF0E237D026D}.Debug|x64.ActiveCfg = Debug|x64
		{5B73D0B9-3694-49BB-B9F4-EF0E237D026D}.Debug|x64.Build.0 = Debug|x64
		{5B73D0B9-3694-49BB-B9F4-EF0E237D026D}.Release|Any CPU.ActiveCfg = Release|Win32
		{5B73D0B9-3694-49BB-B9F4-EF0E237D026D}.Release|Mixed Platforms.ActiveCfg = Release|Win32
		{5B73D0B9-3694-49BB-B9F4-EF0E237D026D}.Release|Mixed Platforms.Build.0 = Release|Win32
		{5B73D0B9-3694-49BB-B9F4-EF0E237D026D}.Release|Win32.ActiveCfg = Release|Win32
		{5B73D0B9-3694-49BB-B9F4-EF0E237D026D}.Release|Win32.Build.0 = Release|Win32
		{5B73D0B9-3694-49BB-B9F4-EF0E237D026D}.Release|x64.ActiveCfg = Release|x64
		{5B73D0B9-3694-49BB-B9F4-EF0E237D026D}.Release|x64.Build.0 = Release|x64
		{96C92D82-4468-4E36-9CFC-C4EA0A792E99}.Debug|Any CPU.ActiveCfg = Debug|Win32
		{96C92D82-4468-4E36-9CFC-C4EA0A792E99}.Debug|Mixed Platforms.ActiveCfg = Debug|Win32
		{96C92D82-4468-4E36-9CFC-C4EA0A792E99}.Debug|Mixed Platforms.Build.0 = Debug|Win32
		{96C92D82-4468-4E36-9CFC-C4EA0A792E99}.Debug|Win32.ActiveCfg = Debug|Win32
		{96C92D82-4468-4E36-9CFC-C4EA0A792E99}.Debug|Win32.Build.0 = Debug|Win32
		{96C92D82-4468-4E36-9CFC-C4EA0A792E99}.Debug|x64.ActiveCfg = Debug|x64
		{96C92D82-4468-4E36-9CFC-C4EA0A792E99}.Debug|x64.Build.0 = Debug|x64
		{96C92D82-4468-4E36-9CFC-C4EA0A792E99}.Release|Any CPU.ActiveCfg = Release|Win32
		{96C92D82-4468-4E36-9CFC-C4EA0A792E99}.Release|Mixed Platforms.ActiveCfg = Release|Win32
		{96C92D82-4468-4E36-9CFC-C4EA0A792E99}.Release|Mixed Platforms.Build.0 = Release|Win32
		{96C92D82-4468-4E36-9CFC-C4EA0A792E99}.Release|Win32.ActiveCfg = Release|Win32
		{96C92D82-4468-4E36-9CFC-C4EA0A792E99}.Release|Win32.Build.0 = Release|Win32
		{96C92D82-4468-4E36-9CFC-C4EA0A792E99}.Release|x64.ActiveCfg = Release|x64
		{96C92D82-4468-4E36-9CFC-C4EA0A792E99}.Release|x64.Build.0 = Release|x64
		{E0E06BE0-90EF-4091-AC80-BB068B0EB29F}.Debug|Any CPU.ActiveCfg = Debug|Win32
		{E0E06BE0-90EF-4091-AC80-BB068B0EB29F}.Debug|Mixed Platforms.ActiveCfg = Debug|Win32
		{E0E06BE0-90EF-4091-AC80-BB068B0EB29F}.Debug|Mixed Platforms.Build.0 = Debug|Win32
		{E0E06BE0-90EF-4091-AC80-BB068B0EB29F}.Debug|Win32.ActiveCfg = Debug|Win32
		{E0E06BE0-90EF-4091-AC80-BB068B0EB29F}.Debug|Win32.Build.0 = Debug|Win32
		{E0E06BE0-90EF-4091-AC80-BB068B0EB29F}.Debug|x64.ActiveCfg = Debug|x64
		{E0E06BE0-90EF-4091-AC80-BB068B0EB29F}.Debug|x64.Build.0 = Debug|x64
		{E0E06BE0-90EF-4091-AC80-BB068B0EB29F}.Release|Any CPU.ActiveCfg = Release|Win32
		{E0E06BE0-90EF-4091-AC80-BB068B0EB29F}.Release|Mixed Platforms.ActiveCfg = Release|Win32
		{E0E06BE0-90EF-4091-AC80-BB068B0EB29F}.Release|Mixed Platforms.Build.0 = Release|Win32
		{E0E06BE0-90EF-4091-AC80-BB068B0EB29F}.Release|Win32.ActiveCfg = Release|Win32
		{E0E06BE0-90EF-4091-AC80-BB068B0EB29F}.Release|Win32.Build.0 = Release|Win32
		{E0E06BE0-90EF-4091-AC80-BB068B0EB29F}.Release|x64.ActiveCfg = Release|x64
		{E0E06BE0-90EF-4091-AC80-BB068B0EB29F}.Release|x64.Build.0 = Release|x64
		{905C0D5A-89FE-40E9-92B7-E236D20D8F83}.Debug|Any CPU.ActiveCfg = Debug|Any CPU
		{905C0D5A-89FE-40E9-92B7-E236D20D8F83}.Debug|Any CPU.Build.0 = Debug|Any CPU
		{905C0D5A-89FE-40E9-92B7-E236D20D8F83}.Debug|Mixed Platforms.ActiveCfg = Debug|Any CPU
		{905C0D5A-89FE-40E9-92B7-E236D20D8F83}.Debug|Mixed Platforms.Build.0 = Debug|Any CPU
		{905C0D5A-89FE-40E9-92B7-E236D20D8F83}.Debug|Win32.ActiveCfg = Debug|Any CPU
		{905C0D5A-89FE-40E9-92B7-E236D20D8F83}.Debug|Win32.Build.0 = Debug|Any CPU
		{905C0D5A-89FE-40E9-92B7-E236D20D8F83}.Debug|x64.ActiveCfg = Debug|x64
		{905C0D5A-89FE-40E9-92B7-E236D20D8F83}.Debug|x64.Build.0 = Debug|x64
		{905C0D5A-89FE-40E9-92B7-E236D20D8F83}.Release|Any CPU.ActiveCfg = Release|Any CPU
		{905C0D5A-89FE-40E9-92B7-E236D20D8F83}.Release|Any CPU.Build.0 = Release|Any CPU
		{905C0D5A-89FE-40E9-92B7-E236D20D8F83}.Release|Mixed Platforms.ActiveCfg = Release|Any CPU
		{905C0D5A-89FE-40E9-92B7-E236D20D8F83}.Release|Mixed Platforms.Build.0 = Release|Any CPU
		{905C0D5A-89FE-40E9-92B7-E236D20D8F83}.Release|Win32.ActiveCfg = Release|Any CPU
		{905C0D5A-89FE-40E9-92B7-E236D20D8F83}.Release|Win32.Build.0 = Release|Any CPU
		{905C0D5A-89FE-40E9-92B7-E236D20D8F83}.Release|x64.ActiveCfg = Release|x64
		{905C0D5A-89FE-40E9-92B7-E236D20D8F83}.Release|x64.Build.0 = Release|x64
		{1079C20A-97DC-4A55-B616-1D36D437D7FB}.Debug|Any CPU.ActiveCfg = Debug|Win32
		{1079C20A-97DC-4A55-B616-1D36D437D7FB}.Debug|Mixed Platforms.ActiveCfg = Debug|Win32
		{1079C20A-97DC-4A55-B616-1D36D437D7FB}.Debug|Mixed Platforms.Build.0 = Debug|Win32
		{1079C20A-97DC-4A55-B616-1D36D437D7FB}.Debug|Win32.ActiveCfg = Debug|Win32
		{1079C20A-97DC-4A55-B616-1D36D437D7FB}.Debug|Win32.Build.0 = Debug|Win32
		{1079C20A-97DC-4A55-B616-1D36D437D7FB}.Debug|x64.ActiveCfg = Debug|x64
		{1079C20A-97DC-4A55-B616-1D36D437D7FB}.Debug|x64.Build.0 = Debug|x64
		{1079C20A-97DC-4A55-B616-1D36D437D7FB}.Release|Any CPU.ActiveCfg = Release|Win32
		{1079C20A-97DC-4A55-B616-1D36D437D7FB}.Release|Mixed Platforms.ActiveCfg = Release|Win32
		{1079C20A-97DC-4A55-B616-1D36D437D7FB}.Release|Mixed Platforms.Build.0 = Release|Win32
		{1079C20A-97DC-4A55-B616-1D36D437D7FB}.Release|Win32.ActiveCfg = Release|Win32
		{1079C20A-97DC-4A55-B616-1D36D437D7FB}.Release|Win32.Build.0 = Release|Win32
		{1079C20A-97DC-4A55-B616-1D36D437D7FB}.Release|x64.ActiveCfg = Release|x64
		{1079C20A-97DC-4A55-B616-1D36D437D7FB}.Release|x64.Build.0 = Release|x64
		{4849642E-4588-4F85-81EA-C8CDB8C5C479}.Debug|Any CPU.ActiveCfg = Debug|Win32
		{4849642E-4588-4F85-81EA-C8CDB8C5C479}.Debug|Mixed Platforms.ActiveCfg = Debug|Win32
		{4849642E-4588-4F85-81EA-C8CDB8C5C479}.Debug|Mixed Platforms.Build.0 = Debug|Win32
		{4849642E-4588-4F85-81EA-C8CDB8C5C479}.Debug|Win32.ActiveCfg = Debug|Win32
		{4849642E-4588-4F85-81EA-C8CDB8C5C479}.Debug|Win32.Build.0 = Debug|Win32
		{4849642E-4588-4F85-81EA-C8CDB8C5C479}.Debug|x64.ActiveCfg = Debug|x64
		{4849642E-4588-4F85-81EA-C8CDB8C5C479}.Debug|x64.Build.0 = Debug|x64
		{4849642E-4588-4F85-81EA-C8CDB8C5C479}.Release|Any CPU.ActiveCfg = Release|Win32
		{4849642E-4588-4F85-81EA-C8CDB8C5C479}.Release|Mixed Platforms.ActiveCfg = Release|Win32
		{4849642E-4588-4F85-81EA-C8CDB8C5C479}.Release|Mixed Platforms.Build.0 = Release|Win32
		{4849642E-4588-4F85-81EA-C8CDB8C5C479}.Release|Win32.ActiveCfg = Release|Win32
		{4849642E-4588-4F85-81EA-C8CDB8C5C479}.Release|Win32.Build.0 = Release|Win32
		{4849642E-4588-4F85-81EA-C8CDB8C5C479}.Release|x64.ActiveCfg = Release|x64
		{4849642E-4588-4F85-81EA-C8CDB8C5C479}.Release|x64.Build.0 = Release|x64
		{4FE529D0-0122-4867-823F-FF7712BE8387}.Debug|Any CPU.ActiveCfg = Debug|Win32
		{4FE529D0-0122-4867-823F-FF7712BE8387}.Debug|Mixed Platforms.ActiveCfg = Debug|Win32
		{4FE529D0-0122-4867-823F-FF7712BE8387}.Debug|Mixed Platforms.Build.0 = Debug|Win32
		{4FE529D0-0122-4867-823F-FF7712BE8387}.Debug|Win32.ActiveCfg = Debug|Win32
		{4FE529D0-0122-4867-823F-FF7712BE8387}.Debug|Win32.Build.0 = Debug|Win32
		{4FE529D0-0122-4867-823F-FF7712BE8387}.Debug|x64.ActiveCfg = Debug|x64
		{4FE529D0-0122-4867-823F-FF7712BE8387}.Debug|x64.Build.0 = Debug|x64
		{4FE529D0-0122-4867-823F-FF7712BE8387}.Release|Any CPU.ActiveCfg = Release|Win32
		{4FE529D0-0122-4867-823F-FF7712BE8387}.Release|Mixed Platforms.ActiveCfg = Release|Win32
		{4FE529D0-0122-4867-823F-FF7712BE8387}.Release|Mixed Platforms.Build.0 = Release|Win32
		{4FE529D0-0122-4867-823F-FF7712BE8387}.Release|Win32.ActiveCfg = Release|Win32
		{4FE529D0-0122-4867-823F-FF7712BE8387}.Release|Win32.Build.0 = Release|Win32
		{4FE529D0-0122-4867-823F-FF7712BE8387}.Release|x64.ActiveCfg = Release|x64
		{4FE529D0-0122-4867-823F-FF7712BE8387}.Release|x64.Build.0 = Release|x64
		{5DE06DFC-FAE0-4091-B54E-01FC5BE2A88B}.Debug|Any CPU.ActiveCfg = Debug|x64
		{5DE06DFC-FAE0-4091-B54E-01FC5BE2A88B}.Debug|Mixed Platforms.ActiveCfg = Debug|Win32
		{5DE06DFC-FAE0-4091-B54E-01FC5BE2A88B}.Debug|Mixed Platforms.Build.0 = Debug|Win32
		{5DE06DFC-FAE0-4091-B54E-01FC5BE2A88B}.Debug|Win32.ActiveCfg = Debug|Win32
		{5DE06DFC-FAE0-4091-B54E-01FC5BE2A88B}.Debug|Win32.Build.0 = Debug|Win32
		{5DE06DFC-FAE0-4091-B54E-01FC5BE2A88B}.Debug|x64.ActiveCfg = Debug|x64
		{5DE06DFC-FAE0-4091-B54E-01FC5BE2A88B}.Debug|x64.Build.0 = Debug|x64
		{5DE06DFC-FAE0-4091-B54E-01FC5BE2A88B}.Release|Any CPU.ActiveCfg = Release|Win32
		{5DE06DFC-FAE0-4091-B54E-01FC5BE2A88B}.Release|Mixed Platforms.ActiveCfg = Release|Win32
		{5DE06DFC-FAE0-4091-B54E-01FC5BE2A88B}.Release|Mixed Platforms.Build.0 = Release|Win32
		{5DE06DFC-FAE0-4091-B54E-01FC5BE2A88B}.Release|Win32.ActiveCfg = Release|Win32
		{5DE06DFC-FAE0-4091-B54E-01FC5BE2A88B}.Release|Win32.Build.0 = Release|Win32
		{5DE06DFC-FAE0-4091-B54E-01FC5BE2A88B}.Release|x64.ActiveCfg = Release|x64
		{5DE06DFC-FAE0-4091-B54E-01FC5BE2A88B}.Release|x64.Build.0 = Release|x64
	EndGlobalSection
	GlobalSection(SolutionProperties) = preSolution
		HideSolutionNode = FALSE
	EndGlobalSection
EndGlobal
